
Microsoft Visual Studio Solution File, Format Version 12.00
# Visual Studio Version 17
VisualStudioVersion = 17.4.33122.133
MinimumVisualStudioVersion = 10.0.40219.1
Project("{9A19103F-16F7-4668-BE54-9A1E7A4F7556}") = "Dersde 9 Task", "Dersde 9 Task\Dersde 9 Task.csproj", "{FEB2AD1C-AA8F-41FB-9930-B1E078BDCAEE}"
EndProject
Project("{FAE04EC0-301F-11D3-BF4B-00C04F79EFBC}") = "2ci Task uchun", "2ci Task uchun\2ci Task uchun.csproj", "{4911BE3B-6D1D-48D1-9476-376836E0095F}"
EndProject
Global
	GlobalSection(SolutionConfigurationPlatforms) = preSolution
		Debug|Any CPU = Debug|Any CPU
		Release|Any CPU = Release|Any CPU
	EndGlobalSection
	GlobalSection(ProjectConfigurationPlatforms) = postSolution
		{FEB2AD1C-AA8F-41FB-9930-B1E078BDCAEE}.Debug|Any CPU.ActiveCfg = Debug|Any CPU
		{FEB2AD1C-AA8F-41FB-9930-B1E078BDCAEE}.Debug|Any CPU.Build.0 = Debug|Any CPU
		{FEB2AD1C-AA8F-41FB-9930-B1E078BDCAEE}.Release|Any CPU.ActiveCfg = Release|Any CPU
		{FEB2AD1C-AA8F-41FB-9930-B1E078BDCAEE}.Release|Any CPU.Build.0 = Release|Any CPU
		{4911BE3B-6D1D-48D1-9476-376836E0095F}.Debug|Any CPU.ActiveCfg = Debug|Any CPU
		{4911BE3B-6D1D-48D1-9476-376836E0095F}.Debug|Any CPU.Build.0 = Debug|Any CPU
		{4911BE3B-6D1D-48D1-9476-376836E0095F}.Release|Any CPU.ActiveCfg = Release|Any CPU
		{4911BE3B-6D1D-48D1-9476-376836E0095F}.Release|Any CPU.Build.0 = Release|Any CPU
	EndGlobalSection
	GlobalSection(SolutionProperties) = preSolution
		HideSolutionNode = FALSE
	EndGlobalSection
	GlobalSection(ExtensibilityGlobals) = postSolution
		SolutionGuid = {F864B24B-8223-4615-96DE-D2B3543135CB}
	EndGlobalSection
EndGlobal
